
Microsoft Visual Studio Solution File, Format Version 12.00
# Visual Studio Version 17
VisualStudioVersion = 17.4.33110.190
MinimumVisualStudioVersion = 10.0.40219.1
Project("{FAE04EC0-301F-11D3-BF4B-00C04F79EFBC}") = "QuizApp", "QuizApp\QuizApp.csproj", "{AECF05CB-7A83-493A-B525-81D58A73FF0E}"
EndProject
Project("{FAE04EC0-301F-11D3-BF4B-00C04F79EFBC}") = "DAL", "DAL\DAL.csproj", "{0368CD88-401A-4F9F-8C75-50FDE2D1E4A2}"
EndProject
Global
	GlobalSection(SolutionConfigurationPlatforms) = preSolution
		Debug|Any CPU = Debug|Any CPU
		Release|Any CPU = Release|Any CPU
	EndGlobalSection
	GlobalSection(ProjectConfigurationPlatforms) = postSolution
		{AECF05CB-7A83-493A-B525-81D58A73FF0E}.Debug|Any CPU.ActiveCfg = Debug|Any CPU
		{AECF05CB-7A83-493A-B525-81D58A73FF0E}.Debug|Any CPU.Build.0 = Debug|Any CPU
		{AECF05CB-7A83-493A-B525-81D58A73FF0E}.Release|Any CPU.ActiveCfg = Release|Any CPU
		{AECF05CB-7A83-493A-B525-81D58A73FF0E}.Release|Any CPU.Build.0 = Release|Any CPU
		{0368CD88-401A-4F9F-8C75-50FDE2D1E4A2}.Debug|Any CPU.ActiveCfg = Debug|Any CPU
		{0368CD88-401A-4F9F-8C75-50FDE2D1E4A2}.Debug|Any CPU.Build.0 = Debug|Any CPU
		{0368CD88-401A-4F9F-8C75-50FDE2D1E4A2}.Release|Any CPU.ActiveCfg = Release|Any CPU
		{0368CD88-401A-4F9F-8C75-50FDE2D1E4A2}.Release|Any CPU.Build.0 = Release|Any CPU
	EndGlobalSection
	GlobalSection(SolutionProperties) = preSolution
		HideSolutionNode = FALSE
	EndGlobalSection
	GlobalSection(ExtensibilityGlobals) = postSolution
		SolutionGuid = {047D0063-BA45-4D88-A01C-61F1D0057483}
	EndGlobalSection
EndGlobal
